
Microsoft Visual Studio Solution File, Format Version 12.00
# Visual Studio 15
VisualStudioVersion = 15.0.27703.2000
MinimumVisualStudioVersion = 10.0.40219.1
Project("{FAE04EC0-301F-11D3-BF4B-00C04F79EFBC}") = "TestAppConsole", "TestAppConsole\TestAppConsole.csproj", "{5716E47D-96A2-4BBE-BF43-872CF2441763}"
EndProject
Project("{FAE04EC0-301F-11D3-BF4B-00C04F79EFBC}") = "SimpleVariabler", "SimpleVariabler\SimpleVariabler.csproj", "{D8D4B55B-72D9-4012-84FC-1A4AAFD12CBE}"
EndProject
Project("{FAE04EC0-301F-11D3-BF4B-00C04F79EFBC}") = "Øvelse1", "Øvelse1\Øvelse1.csproj", "{1975036D-FCBA-4515-88E9-3F67A34A9246}"
EndProject
Project("{FAE04EC0-301F-11D3-BF4B-00C04F79EFBC}") = "Øvelse2", "Øvelse2\Øvelse2.csproj", "{389F4F9D-4CBD-4EC5-809A-003A94CCA86C}"
EndProject
Project("{FAE04EC0-301F-11D3-BF4B-00C04F79EFBC}") = "RefVariabler", "RefVariabler\RefVariabler.csproj", "{4F9E566A-66BC-4925-9EAB-3D311B966914}"
EndProject
Project("{FAE04EC0-301F-11D3-BF4B-00C04F79EFBC}") = "Øvelse3", "Øvelse3\Øvelse3.csproj", "{4AE9D0F3-76C3-46FC-9B2A-A76D91A45B2B}"
EndProject
Project("{FAE04EC0-301F-11D3-BF4B-00C04F79EFBC}") = "String", "String\String.csproj", "{5075A125-0F30-46E3-841F-A33DF1D4E27B}"
EndProject
Project("{FAE04EC0-301F-11D3-BF4B-00C04F79EFBC}") = "Øvelse4", "Øvelse4\Øvelse4.csproj", "{FF3B9C0E-0166-466B-98AD-1269E37FBE48}"
EndProject
Project("{FAE04EC0-301F-11D3-BF4B-00C04F79EFBC}") = "Øvelse5", "Øvelse5\Øvelse5.csproj", "{5EB408BD-EA95-4924-BCEA-2F5542D9E585}"
EndProject
Project("{FAE04EC0-301F-11D3-BF4B-00C04F79EFBC}") = "Øvelse6", "Øvelse6\Øvelse6.csproj", "{0B1792B7-1E9F-40AD-8736-CDD76755BD8E}"
EndProject
Project("{FAE04EC0-301F-11D3-BF4B-00C04F79EFBC}") = "Øvelse7", "Øvelse7\Øvelse7.csproj", "{CDF9FD9F-6CC4-4EAC-B079-56A04DE7B041}"
EndProject
Project("{FAE04EC0-301F-11D3-BF4B-00C04F79EFBC}") = "Hjemmeopgave", "Hjemmeopgave\Hjemmeopgave.csproj", "{DE52036B-7FC1-4C70-A618-6C714022C758}"
EndProject
Project("{FAE04EC0-301F-11D3-BF4B-00C04F79EFBC}") = "OOP", "OOP\OOP.csproj", "{54F2AFCA-2C6A-4DE0-8ACA-239BB5172F47}"
EndProject
Project("{FAE04EC0-301F-11D3-BF4B-00C04F79EFBC}") = "Øvelse8", "Øvelse8\Øvelse8.csproj", "{C9ABC438-8EDE-4C8F-B1EF-E1413397A94A}"
EndProject
Project("{FAE04EC0-301F-11D3-BF4B-00C04F79EFBC}") = "Terning1", "Terning1\Terning1.csproj", "{88CDB709-9EA0-423D-B7C7-7C8FEA2ADBEC}"
EndProject
Project("{FAE04EC0-301F-11D3-BF4B-00C04F79EFBC}") = "DerTestes", "DerTestes\DerTestes.csproj", "{54844F17-5834-4A69-A384-F3F33548479E}"
EndProject
Project("{FAE04EC0-301F-11D3-BF4B-00C04F79EFBC}") = "Egenskaber", "Egenskaber\Egenskaber.csproj", "{1AB4CAA7-E8DC-4208-A4E0-71DE17056D37}"
EndProject
Project("{FAE04EC0-301F-11D3-BF4B-00C04F79EFBC}") = "Egenskaber2", "Egenskaber2\Egenskaber2.csproj", "{B492AE45-2712-4430-A7B1-1F61959CE07B}"
EndProject
Project("{FAE04EC0-301F-11D3-BF4B-00C04F79EFBC}") = "Egenskab3", "Egenskab3\Egenskab3.csproj", "{9DF6FC8B-1C8F-40FA-B7F2-37757A40BA03}"
EndProject
Project("{FAE04EC0-301F-11D3-BF4B-00C04F79EFBC}") = "Egenskaber4", "Egenskaber4\Egenskaber4.csproj", "{BF905DAA-5FC8-47E8-AFF1-6F7A035D40EB}"
EndProject
Global
	GlobalSection(SolutionConfigurationPlatforms) = preSolution
		Debug|Any CPU = Debug|Any CPU
		Release|Any CPU = Release|Any CPU
	EndGlobalSection
	GlobalSection(ProjectConfigurationPlatforms) = postSolution
		{5716E47D-96A2-4BBE-BF43-872CF2441763}.Debug|Any CPU.ActiveCfg = Debug|Any CPU
		{5716E47D-96A2-4BBE-BF43-872CF2441763}.Debug|Any CPU.Build.0 = Debug|Any CPU
		{5716E47D-96A2-4BBE-BF43-872CF2441763}.Release|Any CPU.ActiveCfg = Release|Any CPU
		{5716E47D-96A2-4BBE-BF43-872CF2441763}.Release|Any CPU.Build.0 = Release|Any CPU
		{D8D4B55B-72D9-4012-84FC-1A4AAFD12CBE}.Debug|Any CPU.ActiveCfg = Debug|Any CPU
		{D8D4B55B-72D9-4012-84FC-1A4AAFD12CBE}.Debug|Any CPU.Build.0 = Debug|Any CPU
		{D8D4B55B-72D9-4012-84FC-1A4AAFD12CBE}.Release|Any CPU.ActiveCfg = Release|Any CPU
		{D8D4B55B-72D9-4012-84FC-1A4AAFD12CBE}.Release|Any CPU.Build.0 = Release|Any CPU
		{1975036D-FCBA-4515-88E9-3F67A34A9246}.Debug|Any CPU.ActiveCfg = Debug|Any CPU
		{1975036D-FCBA-4515-88E9-3F67A34A9246}.Debug|Any CPU.Build.0 = Debug|Any CPU
		{1975036D-FCBA-4515-88E9-3F67A34A9246}.Release|Any CPU.ActiveCfg = Release|Any CPU
		{1975036D-FCBA-4515-88E9-3F67A34A9246}.Release|Any CPU.Build.0 = Release|Any CPU
		{389F4F9D-4CBD-4EC5-809A-003A94CCA86C}.Debug|Any CPU.ActiveCfg = Debug|Any CPU
		{389F4F9D-4CBD-4EC5-809A-003A94CCA86C}.Debug|Any CPU.Build.0 = Debug|Any CPU
		{389F4F9D-4CBD-4EC5-809A-003A94CCA86C}.Release|Any CPU.ActiveCfg = Release|Any CPU
		{389F4F9D-4CBD-4EC5-809A-003A94CCA86C}.Release|Any CPU.Build.0 = Release|Any CPU
		{4F9E566A-66BC-4925-9EAB-3D311B966914}.Debug|Any CPU.ActiveCfg = Debug|Any CPU
		{4F9E566A-66BC-4925-9EAB-3D311B966914}.Debug|Any CPU.Build.0 = Debug|Any CPU
		{4F9E566A-66BC-4925-9EAB-3D311B966914}.Release|Any CPU.ActiveCfg = Release|Any CPU
		{4F9E566A-66BC-4925-9EAB-3D311B966914}.Release|Any CPU.Build.0 = Release|Any CPU
		{4AE9D0F3-76C3-46FC-9B2A-A76D91A45B2B}.Debug|Any CPU.ActiveCfg = Debug|Any CPU
		{4AE9D0F3-76C3-46FC-9B2A-A76D91A45B2B}.Debug|Any CPU.Build.0 = Debug|Any CPU
		{4AE9D0F3-76C3-46FC-9B2A-A76D91A45B2B}.Release|Any CPU.ActiveCfg = Release|Any CPU
		{4AE9D0F3-76C3-46FC-9B2A-A76D91A45B2B}.Release|Any CPU.Build.0 = Release|Any CPU
		{5075A125-0F30-46E3-841F-A33DF1D4E27B}.Debug|Any CPU.ActiveCfg = Debug|Any CPU
		{5075A125-0F30-46E3-841F-A33DF1D4E27B}.Debug|Any CPU.Build.0 = Debug|Any CPU
		{5075A125-0F30-46E3-841F-A33DF1D4E27B}.Release|Any CPU.ActiveCfg = Release|Any CPU
		{5075A125-0F30-46E3-841F-A33DF1D4E27B}.Release|Any CPU.Build.0 = Release|Any CPU
		{FF3B9C0E-0166-466B-98AD-1269E37FBE48}.Debug|Any CPU.ActiveCfg = Debug|Any CPU
		{FF3B9C0E-0166-466B-98AD-1269E37FBE48}.Debug|Any CPU.Build.0 = Debug|Any CPU
		{FF3B9C0E-0166-466B-98AD-1269E37FBE48}.Release|Any CPU.ActiveCfg = Release|Any CPU
		{FF3B9C0E-0166-466B-98AD-1269E37FBE48}.Release|Any CPU.Build.0 = Release|Any CPU
		{5EB408BD-EA95-4924-BCEA-2F5542D9E585}.Debug|Any CPU.ActiveCfg = Debug|Any CPU
		{5EB408BD-EA95-4924-BCEA-2F5542D9E585}.Debug|Any CPU.Build.0 = Debug|Any CPU
		{5EB408BD-EA95-4924-BCEA-2F5542D9E585}.Release|Any CPU.ActiveCfg = Release|Any CPU
		{5EB408BD-EA95-4924-BCEA-2F5542D9E585}.Release|Any CPU.Build.0 = Release|Any CPU
		{0B1792B7-1E9F-40AD-8736-CDD76755BD8E}.Debug|Any CPU.ActiveCfg = Debug|Any CPU
		{0B1792B7-1E9F-40AD-8736-CDD76755BD8E}.Debug|Any CPU.Build.0 = Debug|Any CPU
		{0B1792B7-1E9F-40AD-8736-CDD76755BD8E}.Release|Any CPU.ActiveCfg = Release|Any CPU
		{0B1792B7-1E9F-40AD-8736-CDD76755BD8E}.Release|Any CPU.Build.0 = Release|Any CPU
		{CDF9FD9F-6CC4-4EAC-B079-56A04DE7B041}.Debug|Any CPU.ActiveCfg = Debug|Any CPU
		{CDF9FD9F-6CC4-4EAC-B079-56A04DE7B041}.Debug|Any CPU.Build.0 = Debug|Any CPU
		{CDF9FD9F-6CC4-4EAC-B079-56A04DE7B041}.Release|Any CPU.ActiveCfg = Release|Any CPU
		{CDF9FD9F-6CC4-4EAC-B079-56A04DE7B041}.Release|Any CPU.Build.0 = Release|Any CPU
		{DE52036B-7FC1-4C70-A618-6C714022C758}.Debug|Any CPU.ActiveCfg = Debug|Any CPU
		{DE52036B-7FC1-4C70-A618-6C714022C758}.Debug|Any CPU.Build.0 = Debug|Any CPU
		{DE52036B-7FC1-4C70-A618-6C714022C758}.Release|Any CPU.ActiveCfg = Release|Any CPU
		{DE52036B-7FC1-4C70-A618-6C714022C758}.Release|Any CPU.Build.0 = Release|Any CPU
		{54F2AFCA-2C6A-4DE0-8ACA-239BB5172F47}.Debug|Any CPU.ActiveCfg = Debug|Any CPU
		{54F2AFCA-2C6A-4DE0-8ACA-239BB5172F47}.Debug|Any CPU.Build.0 = Debug|Any CPU
		{54F2AFCA-2C6A-4DE0-8ACA-239BB5172F47}.Release|Any CPU.ActiveCfg = Release|Any CPU
		{54F2AFCA-2C6A-4DE0-8ACA-239BB5172F47}.Release|Any CPU.Build.0 = Release|Any CPU
		{C9ABC438-8EDE-4C8F-B1EF-E1413397A94A}.Debug|Any CPU.ActiveCfg = Debug|Any CPU
		{C9ABC438-8EDE-4C8F-B1EF-E1413397A94A}.Debug|Any CPU.Build.0 = Debug|Any CPU
		{C9ABC438-8EDE-4C8F-B1EF-E1413397A94A}.Release|Any CPU.ActiveCfg = Release|Any CPU
		{C9ABC438-8EDE-4C8F-B1EF-E1413397A94A}.Release|Any CPU.Build.0 = Release|Any CPU
		{88CDB709-9EA0-423D-B7C7-7C8FEA2ADBEC}.Debug|Any CPU.ActiveCfg = Debug|Any CPU
		{88CDB709-9EA0-423D-B7C7-7C8FEA2ADBEC}.Debug|Any CPU.Build.0 = Debug|Any CPU
		{88CDB709-9EA0-423D-B7C7-7C8FEA2ADBEC}.Release|Any CPU.ActiveCfg = Release|Any CPU
		{88CDB709-9EA0-423D-B7C7-7C8FEA2ADBEC}.Release|Any CPU.Build.0 = Release|Any CPU
		{54844F17-5834-4A69-A384-F3F33548479E}.Debug|Any CPU.ActiveCfg = Debug|Any CPU
		{54844F17-5834-4A69-A384-F3F33548479E}.Debug|Any CPU.Build.0 = Debug|Any CPU
		{54844F17-5834-4A69-A384-F3F33548479E}.Release|Any CPU.ActiveCfg = Release|Any CPU
		{54844F17-5834-4A69-A384-F3F33548479E}.Release|Any CPU.Build.0 = Release|Any CPU
		{1AB4CAA7-E8DC-4208-A4E0-71DE17056D37}.Debug|Any CPU.ActiveCfg = Debug|Any CPU
		{1AB4CAA7-E8DC-4208-A4E0-71DE17056D37}.Debug|Any CPU.Build.0 = Debug|Any CPU
		{1AB4CAA7-E8DC-4208-A4E0-71DE17056D37}.Release|Any CPU.ActiveCfg = Release|Any CPU
		{1AB4CAA7-E8DC-4208-A4E0-71DE17056D37}.Release|Any CPU.Build.0 = Release|Any CPU
		{B492AE45-2712-4430-A7B1-1F61959CE07B}.Debug|Any CPU.ActiveCfg = Debug|Any CPU
		{B492AE45-2712-4430-A7B1-1F61959CE07B}.Debug|Any CPU.Build.0 = Debug|Any CPU
		{B492AE45-2712-4430-A7B1-1F61959CE07B}.Release|Any CPU.ActiveCfg = Release|Any CPU
		{B492AE45-2712-4430-A7B1-1F61959CE07B}.Release|Any CPU.Build.0 = Release|Any CPU
		{9DF6FC8B-1C8F-40FA-B7F2-37757A40BA03}.Debug|Any CPU.ActiveCfg = Debug|Any CPU
		{9DF6FC8B-1C8F-40FA-B7F2-37757A40BA03}.Debug|Any CPU.Build.0 = Debug|Any CPU
		{9DF6FC8B-1C8F-40FA-B7F2-37757A40BA03}.Release|Any CPU.ActiveCfg = Release|Any CPU
		{9DF6FC8B-1C8F-40FA-B7F2-37757A40BA03}.Release|Any CPU.Build.0 = Release|Any CPU
		{BF905DAA-5FC8-47E8-AFF1-6F7A035D40EB}.Debug|Any CPU.ActiveCfg = Debug|Any CPU
		{BF905DAA-5FC8-47E8-AFF1-6F7A035D40EB}.Debug|Any CPU.Build.0 = Debug|Any CPU
		{BF905DAA-5FC8-47E8-AFF1-6F7A035D40EB}.Release|Any CPU.ActiveCfg = Release|Any CPU
		{BF905DAA-5FC8-47E8-AFF1-6F7A035D40EB}.Release|Any CPU.Build.0 = Release|Any CPU
	EndGlobalSection
	GlobalSection(SolutionProperties) = preSolution
		HideSolutionNode = FALSE
	EndGlobalSection
	GlobalSection(ExtensibilityGlobals) = postSolution
		SolutionGuid = {88AF66A0-AABE-4451-9F5F-57EFFFFD3F6B}
	EndGlobalSection
EndGlobal
