
Microsoft Visual Studio Solution File, Format Version 12.00
# Visual Studio 15
VisualStudioVersion = 15.0.27703.2000
MinimumVisualStudioVersion = 10.0.40219.1
Project("{FAE04EC0-301F-11D3-BF4B-00C04F79EFBC}") = "TestAppConsole", "TestAppConsole\TestAppConsole.csproj", "{5716E47D-96A2-4BBE-BF43-872CF2441763}"
EndProject
Project("{FAE04EC0-301F-11D3-BF4B-00C04F79EFBC}") = "SimpleVariabler", "SimpleVariabler\SimpleVariabler.csproj", "{D8D4B55B-72D9-4012-84FC-1A4AAFD12CBE}"
EndProject
Project("{FAE04EC0-301F-11D3-BF4B-00C04F79EFBC}") = "Øvelse1", "Øvelse1\Øvelse1.csproj", "{1975036D-FCBA-4515-88E9-3F67A34A9246}"
EndProject
Project("{FAE04EC0-301F-11D3-BF4B-00C04F79EFBC}") = "Øvelse2", "Øvelse2\Øvelse2.csproj", "{389F4F9D-4CBD-4EC5-809A-003A94CCA86C}"
EndProject
Project("{FAE04EC0-301F-11D3-BF4B-00C04F79EFBC}") = "RefVariabler", "RefVariabler\RefVariabler.csproj", "{4F9E566A-66BC-4925-9EAB-3D311B966914}"
EndProject
Project("{FAE04EC0-301F-11D3-BF4B-00C04F79EFBC}") = "Øvelse3", "Øvelse3\Øvelse3.csproj", "{4AE9D0F3-76C3-46FC-9B2A-A76D91A45B2B}"
EndProject
Project("{FAE04EC0-301F-11D3-BF4B-00C04F79EFBC}") = "String", "String\String.csproj", "{5075A125-0F30-46E3-841F-A33DF1D4E27B}"
EndProject
Project("{FAE04EC0-301F-11D3-BF4B-00C04F79EFBC}") = "Øvelse4", "Øvelse4\Øvelse4.csproj", "{FF3B9C0E-0166-466B-98AD-1269E37FBE48}"
EndProject
Project("{FAE04EC0-301F-11D3-BF4B-00C04F79EFBC}") = "Øvelse5", "Øvelse5\Øvelse5.csproj", "{5EB408BD-EA95-4924-BCEA-2F5542D9E585}"
EndProject
Project("{FAE04EC0-301F-11D3-BF4B-00C04F79EFBC}") = "Øvelse6", "Øvelse6\Øvelse6.csproj", "{0B1792B7-1E9F-40AD-8736-CDD76755BD8E}"
EndProject
Project("{FAE04EC0-301F-11D3-BF4B-00C04F79EFBC}") = "Øvelse7", "Øvelse7\Øvelse7.csproj", "{CDF9FD9F-6CC4-4EAC-B079-56A04DE7B041}"
EndProject
Project("{FAE04EC0-301F-11D3-BF4B-00C04F79EFBC}") = "Hjemmeopgave", "Hjemmeopgave\Hjemmeopgave.csproj", "{DE52036B-7FC1-4C70-A618-6C714022C758}"
EndProject
Project("{FAE04EC0-301F-11D3-BF4B-00C04F79EFBC}") = "OOP", "OOP\OOP.csproj", "{54F2AFCA-2C6A-4DE0-8ACA-239BB5172F47}"
EndProject
Project("{FAE04EC0-301F-11D3-BF4B-00C04F79EFBC}") = "Øvelse8", "Øvelse8\Øvelse8.csproj", "{C9ABC438-8EDE-4C8F-B1EF-E1413397A94A}"
EndProject
Project("{FAE04EC0-301F-11D3-BF4B-00C04F79EFBC}") = "Terning1", "Terning1\Terning1.csproj", "{88CDB709-9EA0-423D-B7C7-7C8FEA2ADBEC}"
EndProject
Project("{FAE04EC0-301F-11D3-BF4B-00C04F79EFBC}") = "DerTestes", "DerTestes\DerTestes.csproj", "{54844F17-5834-4A69-A384-F3F33548479E}"
EndProject
Project("{FAE04EC0-301F-11D3-BF4B-00C04F79EFBC}") = "Egenskaber", "Egenskaber\Egenskaber.csproj", "{1AB4CAA7-E8DC-4208-A4E0-71DE17056D37}"
EndProject
Project("{FAE04EC0-301F-11D3-BF4B-00C04F79EFBC}") = "Egenskaber2", "Egenskaber2\Egenskaber2.csproj", "{B492AE45-2712-4430-A7B1-1F61959CE07B}"
EndProject
Project("{FAE04EC0-301F-11D3-BF4B-00C04F79EFBC}") = "Egenskab3", "Egenskab3\Egenskab3.csproj", "{9DF6FC8B-1C8F-40FA-B7F2-37757A40BA03}"
EndProject
Project("{FAE04EC0-301F-11D3-BF4B-00C04F79EFBC}") = "Egenskaber4", "Egenskaber4\Egenskaber4.csproj", "{BF905DAA-5FC8-47E8-AFF1-6F7A035D40EB}"
EndProject
Project("{FAE04EC0-301F-11D3-BF4B-00C04F79EFBC}") = "StatiskeMetoder", "StatiskeMetoder\StatiskeMetoder.csproj", "{92790725-DBB9-4120-B0BC-00BBD527CCD1}"
EndProject
Project("{FAE04EC0-301F-11D3-BF4B-00C04F79EFBC}") = "Arv", "Arv\Arv.csproj", "{0E35FCF5-065B-4D50-96F8-437B132A938A}"
EndProject
Project("{FAE04EC0-301F-11D3-BF4B-00C04F79EFBC}") = "Arv_random", "Arv_random\Arv_random.csproj", "{F8774284-1271-4B86-A263-ED44ADC3F445}"
EndProject
Project("{FAE04EC0-301F-11D3-BF4B-00C04F79EFBC}") = "Polymorfi", "Polymorfi\Polymorfi.csproj", "{A508E10B-EB8D-4A18-A0D7-B9A339FD33EF}"
EndProject
Project("{FAE04EC0-301F-11D3-BF4B-00C04F79EFBC}") = "Polymorfi_dyr", "Polymorfi_dyr\Polymorfi_dyr.csproj", "{8B9FF2DE-D6E8-4A2D-9AE3-C15B917A3C02}"
EndProject
Project("{FAE04EC0-301F-11D3-BF4B-00C04F79EFBC}") = "TryCatch", "TryCatch\TryCatch.csproj", "{4225014C-39C1-44DB-971A-FF857BB39552}"
EndProject
Project("{FAE04EC0-301F-11D3-BF4B-00C04F79EFBC}") = "CustomException", "CustomException\CustomException.csproj", "{BCE99E08-F83B-4FA4-AB44-2314040901FE}"
EndProject
Project("{FAE04EC0-301F-11D3-BF4B-00C04F79EFBC}") = "Interace", "Interace\Interace.csproj", "{6A82F400-FB26-4AF3-95AD-A85916BC2BE9}"
EndProject
Project("{FAE04EC0-301F-11D3-BF4B-00C04F79EFBC}") = "interface_icompare", "interface_icompare\interface_icompare.csproj", "{2F908EFD-6A65-45B2-A141-089662C864F6}"
EndProject
Project("{FAE04EC0-301F-11D3-BF4B-00C04F79EFBC}") = "using_øvelse", "using_øvelse\using_øvelse.csproj", "{D1FD54BA-29CA-4055-AA93-9888F4EE3A4A}"
EndProject
Project("{FAE04EC0-301F-11D3-BF4B-00C04F79EFBC}") = "Collections", "Collections\Collections.csproj", "{B44088B3-A028-4B6E-BA13-7280B88F6D93}"
EndProject
Project("{FAE04EC0-301F-11D3-BF4B-00C04F79EFBC}") = "Collections2", "Collections2\Collections2.csproj", "{CA5F7C20-4A8C-4B33-B761-0073A31D2E2A}"
EndProject
Project("{FAE04EC0-301F-11D3-BF4B-00C04F79EFBC}") = "delegates1", "delegates1\delegates1.csproj", "{16365895-5F75-4C95-A2CD-593B0E8FB07A}"
EndProject
Project("{FAE04EC0-301F-11D3-BF4B-00C04F79EFBC}") = "Delegates2", "Delegates2\Delegates2.csproj", "{61005732-6C26-4447-B2BF-BBE0399982F2}"
EndProject
Project("{FAE04EC0-301F-11D3-BF4B-00C04F79EFBC}") = "Delegates3", "Delegates3\Delegates3.csproj", "{26F19765-D18D-4FC4-82CB-EABFF754CAA2}"
EndProject
Project("{FAE04EC0-301F-11D3-BF4B-00C04F79EFBC}") = "Delegates4", "Delegates4\Delegates4.csproj", "{77AAE4DE-0EBF-48B7-9778-49A9A9CA63FD}"
EndProject
Project("{FAE04EC0-301F-11D3-BF4B-00C04F79EFBC}") = "Lambda", "Lambda\Lambda.csproj", "{414BF4E1-878C-4CB7-9FF4-65307D04CA9C}"
EndProject
Project("{FAE04EC0-301F-11D3-BF4B-00C04F79EFBC}") = "FileWatch", "FileWatch\FileWatch.csproj", "{CBAF214F-5956-45C6-B957-59B0B0E276AE}"
EndProject
Global
	GlobalSection(SolutionConfigurationPlatforms) = preSolution
		Debug|Any CPU = Debug|Any CPU
		Release|Any CPU = Release|Any CPU
	EndGlobalSection
	GlobalSection(ProjectConfigurationPlatforms) = postSolution
		{5716E47D-96A2-4BBE-BF43-872CF2441763}.Debug|Any CPU.ActiveCfg = Debug|Any CPU
		{5716E47D-96A2-4BBE-BF43-872CF2441763}.Debug|Any CPU.Build.0 = Debug|Any CPU
		{5716E47D-96A2-4BBE-BF43-872CF2441763}.Release|Any CPU.ActiveCfg = Release|Any CPU
		{5716E47D-96A2-4BBE-BF43-872CF2441763}.Release|Any CPU.Build.0 = Release|Any CPU
		{D8D4B55B-72D9-4012-84FC-1A4AAFD12CBE}.Debug|Any CPU.ActiveCfg = Debug|Any CPU
		{D8D4B55B-72D9-4012-84FC-1A4AAFD12CBE}.Debug|Any CPU.Build.0 = Debug|Any CPU
		{D8D4B55B-72D9-4012-84FC-1A4AAFD12CBE}.Release|Any CPU.ActiveCfg = Release|Any CPU
		{D8D4B55B-72D9-4012-84FC-1A4AAFD12CBE}.Release|Any CPU.Build.0 = Release|Any CPU
		{1975036D-FCBA-4515-88E9-3F67A34A9246}.Debug|Any CPU.ActiveCfg = Debug|Any CPU
		{1975036D-FCBA-4515-88E9-3F67A34A9246}.Debug|Any CPU.Build.0 = Debug|Any CPU
		{1975036D-FCBA-4515-88E9-3F67A34A9246}.Release|Any CPU.ActiveCfg = Release|Any CPU
		{1975036D-FCBA-4515-88E9-3F67A34A9246}.Release|Any CPU.Build.0 = Release|Any CPU
		{389F4F9D-4CBD-4EC5-809A-003A94CCA86C}.Debug|Any CPU.ActiveCfg = Debug|Any CPU
		{389F4F9D-4CBD-4EC5-809A-003A94CCA86C}.Debug|Any CPU.Build.0 = Debug|Any CPU
		{389F4F9D-4CBD-4EC5-809A-003A94CCA86C}.Release|Any CPU.ActiveCfg = Release|Any CPU
		{389F4F9D-4CBD-4EC5-809A-003A94CCA86C}.Release|Any CPU.Build.0 = Release|Any CPU
		{4F9E566A-66BC-4925-9EAB-3D311B966914}.Debug|Any CPU.ActiveCfg = Debug|Any CPU
		{4F9E566A-66BC-4925-9EAB-3D311B966914}.Debug|Any CPU.Build.0 = Debug|Any CPU
		{4F9E566A-66BC-4925-9EAB-3D311B966914}.Release|Any CPU.ActiveCfg = Release|Any CPU
		{4F9E566A-66BC-4925-9EAB-3D311B966914}.Release|Any CPU.Build.0 = Release|Any CPU
		{4AE9D0F3-76C3-46FC-9B2A-A76D91A45B2B}.Debug|Any CPU.ActiveCfg = Debug|Any CPU
		{4AE9D0F3-76C3-46FC-9B2A-A76D91A45B2B}.Debug|Any CPU.Build.0 = Debug|Any CPU
		{4AE9D0F3-76C3-46FC-9B2A-A76D91A45B2B}.Release|Any CPU.ActiveCfg = Release|Any CPU
		{4AE9D0F3-76C3-46FC-9B2A-A76D91A45B2B}.Release|Any CPU.Build.0 = Release|Any CPU
		{5075A125-0F30-46E3-841F-A33DF1D4E27B}.Debug|Any CPU.ActiveCfg = Debug|Any CPU
		{5075A125-0F30-46E3-841F-A33DF1D4E27B}.Debug|Any CPU.Build.0 = Debug|Any CPU
		{5075A125-0F30-46E3-841F-A33DF1D4E27B}.Release|Any CPU.ActiveCfg = Release|Any CPU
		{5075A125-0F30-46E3-841F-A33DF1D4E27B}.Release|Any CPU.Build.0 = Release|Any CPU
		{FF3B9C0E-0166-466B-98AD-1269E37FBE48}.Debug|Any CPU.ActiveCfg = Debug|Any CPU
		{FF3B9C0E-0166-466B-98AD-1269E37FBE48}.Debug|Any CPU.Build.0 = Debug|Any CPU
		{FF3B9C0E-0166-466B-98AD-1269E37FBE48}.Release|Any CPU.ActiveCfg = Release|Any CPU
		{FF3B9C0E-0166-466B-98AD-1269E37FBE48}.Release|Any CPU.Build.0 = Release|Any CPU
		{5EB408BD-EA95-4924-BCEA-2F5542D9E585}.Debug|Any CPU.ActiveCfg = Debug|Any CPU
		{5EB408BD-EA95-4924-BCEA-2F5542D9E585}.Debug|Any CPU.Build.0 = Debug|Any CPU
		{5EB408BD-EA95-4924-BCEA-2F5542D9E585}.Release|Any CPU.ActiveCfg = Release|Any CPU
		{5EB408BD-EA95-4924-BCEA-2F5542D9E585}.Release|Any CPU.Build.0 = Release|Any CPU
		{0B1792B7-1E9F-40AD-8736-CDD76755BD8E}.Debug|Any CPU.ActiveCfg = Debug|Any CPU
		{0B1792B7-1E9F-40AD-8736-CDD76755BD8E}.Debug|Any CPU.Build.0 = Debug|Any CPU
		{0B1792B7-1E9F-40AD-8736-CDD76755BD8E}.Release|Any CPU.ActiveCfg = Release|Any CPU
		{0B1792B7-1E9F-40AD-8736-CDD76755BD8E}.Release|Any CPU.Build.0 = Release|Any CPU
		{CDF9FD9F-6CC4-4EAC-B079-56A04DE7B041}.Debug|Any CPU.ActiveCfg = Debug|Any CPU
		{CDF9FD9F-6CC4-4EAC-B079-56A04DE7B041}.Debug|Any CPU.Build.0 = Debug|Any CPU
		{CDF9FD9F-6CC4-4EAC-B079-56A04DE7B041}.Release|Any CPU.ActiveCfg = Release|Any CPU
		{CDF9FD9F-6CC4-4EAC-B079-56A04DE7B041}.Release|Any CPU.Build.0 = Release|Any CPU
		{DE52036B-7FC1-4C70-A618-6C714022C758}.Debug|Any CPU.ActiveCfg = Debug|Any CPU
		{DE52036B-7FC1-4C70-A618-6C714022C758}.Debug|Any CPU.Build.0 = Debug|Any CPU
		{DE52036B-7FC1-4C70-A618-6C714022C758}.Release|Any CPU.ActiveCfg = Release|Any CPU
		{DE52036B-7FC1-4C70-A618-6C714022C758}.Release|Any CPU.Build.0 = Release|Any CPU
		{54F2AFCA-2C6A-4DE0-8ACA-239BB5172F47}.Debug|Any CPU.ActiveCfg = Debug|Any CPU
		{54F2AFCA-2C6A-4DE0-8ACA-239BB5172F47}.Debug|Any CPU.Build.0 = Debug|Any CPU
		{54F2AFCA-2C6A-4DE0-8ACA-239BB5172F47}.Release|Any CPU.ActiveCfg = Release|Any CPU
		{54F2AFCA-2C6A-4DE0-8ACA-239BB5172F47}.Release|Any CPU.Build.0 = Release|Any CPU
		{C9ABC438-8EDE-4C8F-B1EF-E1413397A94A}.Debug|Any CPU.ActiveCfg = Debug|Any CPU
		{C9ABC438-8EDE-4C8F-B1EF-E1413397A94A}.Debug|Any CPU.Build.0 = Debug|Any CPU
		{C9ABC438-8EDE-4C8F-B1EF-E1413397A94A}.Release|Any CPU.ActiveCfg = Release|Any CPU
		{C9ABC438-8EDE-4C8F-B1EF-E1413397A94A}.Release|Any CPU.Build.0 = Release|Any CPU
		{88CDB709-9EA0-423D-B7C7-7C8FEA2ADBEC}.Debug|Any CPU.ActiveCfg = Debug|Any CPU
		{88CDB709-9EA0-423D-B7C7-7C8FEA2ADBEC}.Debug|Any CPU.Build.0 = Debug|Any CPU
		{88CDB709-9EA0-423D-B7C7-7C8FEA2ADBEC}.Release|Any CPU.ActiveCfg = Release|Any CPU
		{88CDB709-9EA0-423D-B7C7-7C8FEA2ADBEC}.Release|Any CPU.Build.0 = Release|Any CPU
		{54844F17-5834-4A69-A384-F3F33548479E}.Debug|Any CPU.ActiveCfg = Debug|Any CPU
		{54844F17-5834-4A69-A384-F3F33548479E}.Debug|Any CPU.Build.0 = Debug|Any CPU
		{54844F17-5834-4A69-A384-F3F33548479E}.Release|Any CPU.ActiveCfg = Release|Any CPU
		{54844F17-5834-4A69-A384-F3F33548479E}.Release|Any CPU.Build.0 = Release|Any CPU
		{1AB4CAA7-E8DC-4208-A4E0-71DE17056D37}.Debug|Any CPU.ActiveCfg = Debug|Any CPU
		{1AB4CAA7-E8DC-4208-A4E0-71DE17056D37}.Debug|Any CPU.Build.0 = Debug|Any CPU
		{1AB4CAA7-E8DC-4208-A4E0-71DE17056D37}.Release|Any CPU.ActiveCfg = Release|Any CPU
		{1AB4CAA7-E8DC-4208-A4E0-71DE17056D37}.Release|Any CPU.Build.0 = Release|Any CPU
		{B492AE45-2712-4430-A7B1-1F61959CE07B}.Debug|Any CPU.ActiveCfg = Debug|Any CPU
		{B492AE45-2712-4430-A7B1-1F61959CE07B}.Debug|Any CPU.Build.0 = Debug|Any CPU
		{B492AE45-2712-4430-A7B1-1F61959CE07B}.Release|Any CPU.ActiveCfg = Release|Any CPU
		{B492AE45-2712-4430-A7B1-1F61959CE07B}.Release|Any CPU.Build.0 = Release|Any CPU
		{9DF6FC8B-1C8F-40FA-B7F2-37757A40BA03}.Debug|Any CPU.ActiveCfg = Debug|Any CPU
		{9DF6FC8B-1C8F-40FA-B7F2-37757A40BA03}.Debug|Any CPU.Build.0 = Debug|Any CPU
		{9DF6FC8B-1C8F-40FA-B7F2-37757A40BA03}.Release|Any CPU.ActiveCfg = Release|Any CPU
		{9DF6FC8B-1C8F-40FA-B7F2-37757A40BA03}.Release|Any CPU.Build.0 = Release|Any CPU
		{BF905DAA-5FC8-47E8-AFF1-6F7A035D40EB}.Debug|Any CPU.ActiveCfg = Debug|Any CPU
		{BF905DAA-5FC8-47E8-AFF1-6F7A035D40EB}.Debug|Any CPU.Build.0 = Debug|Any CPU
		{BF905DAA-5FC8-47E8-AFF1-6F7A035D40EB}.Release|Any CPU.ActiveCfg = Release|Any CPU
		{BF905DAA-5FC8-47E8-AFF1-6F7A035D40EB}.Release|Any CPU.Build.0 = Release|Any CPU
		{92790725-DBB9-4120-B0BC-00BBD527CCD1}.Debug|Any CPU.ActiveCfg = Debug|Any CPU
		{92790725-DBB9-4120-B0BC-00BBD527CCD1}.Debug|Any CPU.Build.0 = Debug|Any CPU
		{92790725-DBB9-4120-B0BC-00BBD527CCD1}.Release|Any CPU.ActiveCfg = Release|Any CPU
		{92790725-DBB9-4120-B0BC-00BBD527CCD1}.Release|Any CPU.Build.0 = Release|Any CPU
		{0E35FCF5-065B-4D50-96F8-437B132A938A}.Debug|Any CPU.ActiveCfg = Debug|Any CPU
		{0E35FCF5-065B-4D50-96F8-437B132A938A}.Debug|Any CPU.Build.0 = Debug|Any CPU
		{0E35FCF5-065B-4D50-96F8-437B132A938A}.Release|Any CPU.ActiveCfg = Release|Any CPU
		{0E35FCF5-065B-4D50-96F8-437B132A938A}.Release|Any CPU.Build.0 = Release|Any CPU
		{F8774284-1271-4B86-A263-ED44ADC3F445}.Debug|Any CPU.ActiveCfg = Debug|Any CPU
		{F8774284-1271-4B86-A263-ED44ADC3F445}.Debug|Any CPU.Build.0 = Debug|Any CPU
		{F8774284-1271-4B86-A263-ED44ADC3F445}.Release|Any CPU.ActiveCfg = Release|Any CPU
		{F8774284-1271-4B86-A263-ED44ADC3F445}.Release|Any CPU.Build.0 = Release|Any CPU
		{A508E10B-EB8D-4A18-A0D7-B9A339FD33EF}.Debug|Any CPU.ActiveCfg = Debug|Any CPU
		{A508E10B-EB8D-4A18-A0D7-B9A339FD33EF}.Debug|Any CPU.Build.0 = Debug|Any CPU
		{A508E10B-EB8D-4A18-A0D7-B9A339FD33EF}.Release|Any CPU.ActiveCfg = Release|Any CPU
		{A508E10B-EB8D-4A18-A0D7-B9A339FD33EF}.Release|Any CPU.Build.0 = Release|Any CPU
		{8B9FF2DE-D6E8-4A2D-9AE3-C15B917A3C02}.Debug|Any CPU.ActiveCfg = Debug|Any CPU
		{8B9FF2DE-D6E8-4A2D-9AE3-C15B917A3C02}.Debug|Any CPU.Build.0 = Debug|Any CPU
		{8B9FF2DE-D6E8-4A2D-9AE3-C15B917A3C02}.Release|Any CPU.ActiveCfg = Release|Any CPU
		{8B9FF2DE-D6E8-4A2D-9AE3-C15B917A3C02}.Release|Any CPU.Build.0 = Release|Any CPU
		{4225014C-39C1-44DB-971A-FF857BB39552}.Debug|Any CPU.ActiveCfg = Debug|Any CPU
		{4225014C-39C1-44DB-971A-FF857BB39552}.Debug|Any CPU.Build.0 = Debug|Any CPU
		{4225014C-39C1-44DB-971A-FF857BB39552}.Release|Any CPU.ActiveCfg = Release|Any CPU
		{4225014C-39C1-44DB-971A-FF857BB39552}.Release|Any CPU.Build.0 = Release|Any CPU
		{BCE99E08-F83B-4FA4-AB44-2314040901FE}.Debug|Any CPU.ActiveCfg = Debug|Any CPU
		{BCE99E08-F83B-4FA4-AB44-2314040901FE}.Debug|Any CPU.Build.0 = Debug|Any CPU
		{BCE99E08-F83B-4FA4-AB44-2314040901FE}.Release|Any CPU.ActiveCfg = Release|Any CPU
		{BCE99E08-F83B-4FA4-AB44-2314040901FE}.Release|Any CPU.Build.0 = Release|Any CPU
		{6A82F400-FB26-4AF3-95AD-A85916BC2BE9}.Debug|Any CPU.ActiveCfg = Debug|Any CPU
		{6A82F400-FB26-4AF3-95AD-A85916BC2BE9}.Debug|Any CPU.Build.0 = Debug|Any CPU
		{6A82F400-FB26-4AF3-95AD-A85916BC2BE9}.Release|Any CPU.ActiveCfg = Release|Any CPU
		{6A82F400-FB26-4AF3-95AD-A85916BC2BE9}.Release|Any CPU.Build.0 = Release|Any CPU
		{2F908EFD-6A65-45B2-A141-089662C864F6}.Debug|Any CPU.ActiveCfg = Debug|Any CPU
		{2F908EFD-6A65-45B2-A141-089662C864F6}.Debug|Any CPU.Build.0 = Debug|Any CPU
		{2F908EFD-6A65-45B2-A141-089662C864F6}.Release|Any CPU.ActiveCfg = Release|Any CPU
		{2F908EFD-6A65-45B2-A141-089662C864F6}.Release|Any CPU.Build.0 = Release|Any CPU
		{D1FD54BA-29CA-4055-AA93-9888F4EE3A4A}.Debug|Any CPU.ActiveCfg = Debug|Any CPU
		{D1FD54BA-29CA-4055-AA93-9888F4EE3A4A}.Debug|Any CPU.Build.0 = Debug|Any CPU
		{D1FD54BA-29CA-4055-AA93-9888F4EE3A4A}.Release|Any CPU.ActiveCfg = Release|Any CPU
		{D1FD54BA-29CA-4055-AA93-9888F4EE3A4A}.Release|Any CPU.Build.0 = Release|Any CPU
		{B44088B3-A028-4B6E-BA13-7280B88F6D93}.Debug|Any CPU.ActiveCfg = Debug|Any CPU
		{B44088B3-A028-4B6E-BA13-7280B88F6D93}.Debug|Any CPU.Build.0 = Debug|Any CPU
		{B44088B3-A028-4B6E-BA13-7280B88F6D93}.Release|Any CPU.ActiveCfg = Release|Any CPU
		{B44088B3-A028-4B6E-BA13-7280B88F6D93}.Release|Any CPU.Build.0 = Release|Any CPU
		{CA5F7C20-4A8C-4B33-B761-0073A31D2E2A}.Debug|Any CPU.ActiveCfg = Debug|Any CPU
		{CA5F7C20-4A8C-4B33-B761-0073A31D2E2A}.Debug|Any CPU.Build.0 = Debug|Any CPU
		{CA5F7C20-4A8C-4B33-B761-0073A31D2E2A}.Release|Any CPU.ActiveCfg = Release|Any CPU
		{CA5F7C20-4A8C-4B33-B761-0073A31D2E2A}.Release|Any CPU.Build.0 = Release|Any CPU
		{16365895-5F75-4C95-A2CD-593B0E8FB07A}.Debug|Any CPU.ActiveCfg = Debug|Any CPU
		{16365895-5F75-4C95-A2CD-593B0E8FB07A}.Debug|Any CPU.Build.0 = Debug|Any CPU
		{16365895-5F75-4C95-A2CD-593B0E8FB07A}.Release|Any CPU.ActiveCfg = Release|Any CPU
		{16365895-5F75-4C95-A2CD-593B0E8FB07A}.Release|Any CPU.Build.0 = Release|Any CPU
		{61005732-6C26-4447-B2BF-BBE0399982F2}.Debug|Any CPU.ActiveCfg = Debug|Any CPU
		{61005732-6C26-4447-B2BF-BBE0399982F2}.Debug|Any CPU.Build.0 = Debug|Any CPU
		{61005732-6C26-4447-B2BF-BBE0399982F2}.Release|Any CPU.ActiveCfg = Release|Any CPU
		{61005732-6C26-4447-B2BF-BBE0399982F2}.Release|Any CPU.Build.0 = Release|Any CPU
		{26F19765-D18D-4FC4-82CB-EABFF754CAA2}.Debug|Any CPU.ActiveCfg = Debug|Any CPU
		{26F19765-D18D-4FC4-82CB-EABFF754CAA2}.Debug|Any CPU.Build.0 = Debug|Any CPU
		{26F19765-D18D-4FC4-82CB-EABFF754CAA2}.Release|Any CPU.ActiveCfg = Release|Any CPU
		{26F19765-D18D-4FC4-82CB-EABFF754CAA2}.Release|Any CPU.Build.0 = Release|Any CPU
		{77AAE4DE-0EBF-48B7-9778-49A9A9CA63FD}.Debug|Any CPU.ActiveCfg = Debug|Any CPU
		{77AAE4DE-0EBF-48B7-9778-49A9A9CA63FD}.Debug|Any CPU.Build.0 = Debug|Any CPU
		{77AAE4DE-0EBF-48B7-9778-49A9A9CA63FD}.Release|Any CPU.ActiveCfg = Release|Any CPU
		{77AAE4DE-0EBF-48B7-9778-49A9A9CA63FD}.Release|Any CPU.Build.0 = Release|Any CPU
		{414BF4E1-878C-4CB7-9FF4-65307D04CA9C}.Debug|Any CPU.ActiveCfg = Debug|Any CPU
		{414BF4E1-878C-4CB7-9FF4-65307D04CA9C}.Debug|Any CPU.Build.0 = Debug|Any CPU
		{414BF4E1-878C-4CB7-9FF4-65307D04CA9C}.Release|Any CPU.ActiveCfg = Release|Any CPU
		{414BF4E1-878C-4CB7-9FF4-65307D04CA9C}.Release|Any CPU.Build.0 = Release|Any CPU
		{CBAF214F-5956-45C6-B957-59B0B0E276AE}.Debug|Any CPU.ActiveCfg = Debug|Any CPU
		{CBAF214F-5956-45C6-B957-59B0B0E276AE}.Debug|Any CPU.Build.0 = Debug|Any CPU
		{CBAF214F-5956-45C6-B957-59B0B0E276AE}.Release|Any CPU.ActiveCfg = Release|Any CPU
		{CBAF214F-5956-45C6-B957-59B0B0E276AE}.Release|Any CPU.Build.0 = Release|Any CPU
	EndGlobalSection
	GlobalSection(SolutionProperties) = preSolution
		HideSolutionNode = FALSE
	EndGlobalSection
	GlobalSection(ExtensibilityGlobals) = postSolution
		SolutionGuid = {88AF66A0-AABE-4451-9F5F-57EFFFFD3F6B}
	EndGlobalSection
EndGlobal
